
Microsoft Visual Studio Solution File, Format Version 12.00
# Visual Studio Version 17
VisualStudioVersion = 17.12.35527.113
MinimumVisualStudioVersion = 10.0.40219.1
Project("{2150E333-8FDC-42A3-9474-1A3956D46DE8}") = "Task0", "Task0", "{551DF21E-E254-47AB-8E40-0229D404FFC9}"
EndProject
Project("{FAE04EC0-301F-11D3-BF4B-00C04F79EFBC}") = "Tyuiu.BarabashMI.Sprint1.Task0.V1", "Tyuiu.BarabashMI.Sprint1.Task0.V1\Tyuiu.BarabashMI.Sprint1.Task0.V1.csproj", "{BFC7DC3A-1994-4E9F-8063-2A14F68C68FF}"
EndProject
Project("{FAE04EC0-301F-11D3-BF4B-00C04F79EFBC}") = "Tyuiu.BarabashMI.Sprint1.Task0.V1.Lib", "Tyuiu.BarabashMI.Sprint1.Task0.V1.Lib\Tyuiu.BarabashMI.Sprint1.Task0.V1.Lib.csproj", "{D8BF08E4-C74C-40CB-8053-D75DBBECEB09}"
EndProject
Project("{FAE04EC0-301F-11D3-BF4B-00C04F79EFBC}") = "Tyuiu.BarabashMI.Sprint1.Task0.V1.Test", "Tyuiu.BarabashMI.Sprint1.Task0.V1.Test\Tyuiu.BarabashMI.Sprint1.Task0.V1.Test.csproj", "{7B4A4977-25FB-4DEB-AE6B-F8DA53C22476}"
EndProject
Project("{2150E333-8FDC-42A3-9474-1A3956D46DE8}") = "Task1", "Task1", "{E6F3B775-ED1A-49B2-85CB-2323F9D8D782}"
EndProject
Project("{FAE04EC0-301F-11D3-BF4B-00C04F79EFBC}") = "Tyuiu.BarabashMI.Sprint1.Task1.V3", "Tyuiu.BarabashMI.Sprint1.Task1.V3\Tyuiu.BarabashMI.Sprint1.Task1.V3.csproj", "{A6B4C3C7-5188-4D22-A16E-0A5442873FB9}"
EndProject
Project("{FAE04EC0-301F-11D3-BF4B-00C04F79EFBC}") = "Tyuiu.BarabashMI.Sprint1.Task1.V3.Lib", "Tyuiu.BarabashMI.Sprint1.Task1.V3.Lib\Tyuiu.BarabashMI.Sprint1.Task1.V3.Lib.csproj", "{5970FD27-2EB7-4135-B373-18D5564C048C}"
EndProject
Project("{FAE04EC0-301F-11D3-BF4B-00C04F79EFBC}") = "Tyuiu.BarabashMI.Sprint1.Task1.V3.Test", "Tyuiu.BarabashMI.Sprint1.Task1.V3.Test\Tyuiu.BarabashMI.Sprint1.Task1.V3.Test.csproj", "{2EFEE16C-89F2-41D6-BC96-FBDFDCC1406C}"
EndProject
Project("{2150E333-8FDC-42A3-9474-1A3956D46DE8}") = "Task2", "Task2", "{E7146A68-2F6E-4CEF-8481-879566B60758}"
EndProject
Project("{FAE04EC0-301F-11D3-BF4B-00C04F79EFBC}") = "Tyuiu.BarabashMI.Sprint1.Task2.V17", "Tyuiu.BarabashMI.Sprint1.Task2.V17\Tyuiu.BarabashMI.Sprint1.Task2.V17.csproj", "{C77B0D89-74FA-40C3-8CDC-E82D4E993EB9}"
EndProject
Project("{FAE04EC0-301F-11D3-BF4B-00C04F79EFBC}") = "Tyuiu.BarabashMI.Sprint1.Task2.V17.Lib", "Tyuiu.BarabashMI.Sprint1.Task2.V17.Lib\Tyuiu.BarabashMI.Sprint1.Task2.V17.Lib.csproj", "{9D8B3DAE-677F-4E63-B37C-44121F4AC6DA}"
EndProject
Project("{FAE04EC0-301F-11D3-BF4B-00C04F79EFBC}") = "Tyuiu.BarabashMI.Sprint1.Task2.V17.Test", "Tyuiu.BarabashMI.Sprint1.Task2.V17.Test\Tyuiu.BarabashMI.Sprint1.Task2.V17.Test.csproj", "{8EC2C7FF-20EC-49EE-8854-7BC46D5A0375}"
EndProject
Project("{2150E333-8FDC-42A3-9474-1A3956D46DE8}") = "Task3", "Task3", "{3E7655A1-EE52-480F-801D-94C3A435F076}"
EndProject
Project("{FAE04EC0-301F-11D3-BF4B-00C04F79EFBC}") = "Tyuiu.BarabashMI.Sprint1.Task3.V10", "Tyuiu.BarabashMI.Sprint1.Task3.V10\Tyuiu.BarabashMI.Sprint1.Task3.V10.csproj", "{BBDB9CCC-8520-4127-844F-4CD8B8FFE01A}"
EndProject
Project("{FAE04EC0-301F-11D3-BF4B-00C04F79EFBC}") = "Tyuiu.BarabashMI.Sprint1.Task3.V10.Lib", "Tyuiu.BarabashMI.Sprint1.Task3.V10.Lib\Tyuiu.BarabashMI.Sprint1.Task3.V10.Lib.csproj", "{11A47103-60A2-41B7-879B-D212DEB5092B}"
EndProject
Project("{FAE04EC0-301F-11D3-BF4B-00C04F79EFBC}") = "Tyuiu.BarabashMI.Sprint1.Task3.V10.Test", "Tyuiu.BarabashMI.Sprint1.Task3.V10.Test\Tyuiu.BarabashMI.Sprint1.Task3.V10.Test.csproj", "{B3C08881-C78D-4F37-8B16-F3BBA86510A6}"
EndProject
Project("{2150E333-8FDC-42A3-9474-1A3956D46DE8}") = "Task4", "Task4", "{99F894FB-2F41-4DC0-959B-53BA0D7B3EDD}"
EndProject
Project("{FAE04EC0-301F-11D3-BF4B-00C04F79EFBC}") = "Tyuiu.BarabashMI.Sprint1.Task4.V24", "Tyuiu.BarabashMI.Sprint1.Task4.V24\Tyuiu.BarabashMI.Sprint1.Task4.V24.csproj", "{749767E1-5772-414D-B239-3BCCE8B73658}"
EndProject
Project("{FAE04EC0-301F-11D3-BF4B-00C04F79EFBC}") = "Tyuiu.BarabashMI.Sprint1.Task4.V24.Lib", "Tyuiu.BarabashMI.Sprint1.Task4.V24.Lib\Tyuiu.BarabashMI.Sprint1.Task4.V24.Lib.csproj", "{0C95729D-3CE3-4913-B24B-E2FFC85C84C5}"
EndProject
Project("{FAE04EC0-301F-11D3-BF4B-00C04F79EFBC}") = "Tyuiu.BarabashMI.Sprint1.Task4.V24.Test", "Tyuiu.BarabashMI.Sprint1.Task4.V24.Test\Tyuiu.BarabashMI.Sprint1.Task4.V24.Test.csproj", "{2E658A57-58C4-4E40-9975-5B0FB9F5EBFE}"
EndProject
Project("{2150E333-8FDC-42A3-9474-1A3956D46DE8}") = "Task5", "Task5", "{CCE153D0-87ED-46E6-A562-E2BDDCE5B4DB}"
EndProject
Project("{FAE04EC0-301F-11D3-BF4B-00C04F79EFBC}") = "Tyuiu.BarabashMI.Sprint1.Task5.V7", "Tyuiu.BarabashMI.Sprint1.Task5.V7\Tyuiu.BarabashMI.Sprint1.Task5.V7.csproj", "{51FDBA81-5EDE-4EEC-80F4-8604C7FB3094}"
EndProject
Project("{FAE04EC0-301F-11D3-BF4B-00C04F79EFBC}") = "Tyuiu.BarabashMI.Sprint1.Task5.V7.Lib", "Tyuiu.BarabashMI.Sprint1.Task5.V7.Lib\Tyuiu.BarabashMI.Sprint1.Task5.V7.Lib.csproj", "{954AB511-E1A4-459F-9EA5-B2007134E33F}"
EndProject
Project("{FAE04EC0-301F-11D3-BF4B-00C04F79EFBC}") = "Tyuiu.BarabashMI.Sprint1.Task5.V7.Test", "Tyuiu.BarabashMI.Sprint1.Task5.V7.Test\Tyuiu.BarabashMI.Sprint1.Task5.V7.Test.csproj", "{239D3D53-6FFD-4E88-841B-DDACFA5E6109}"
EndProject
Global
	GlobalSection(SolutionConfigurationPlatforms) = preSolution
		Debug|Any CPU = Debug|Any CPU
		Release|Any CPU = Release|Any CPU
	EndGlobalSection
	GlobalSection(ProjectConfigurationPlatforms) = postSolution
		{BFC7DC3A-1994-4E9F-8063-2A14F68C68FF}.Debug|Any CPU.ActiveCfg = Debug|Any CPU
		{BFC7DC3A-1994-4E9F-8063-2A14F68C68FF}.Debug|Any CPU.Build.0 = Debug|Any CPU
		{BFC7DC3A-1994-4E9F-8063-2A14F68C68FF}.Release|Any CPU.ActiveCfg = Release|Any CPU
		{BFC7DC3A-1994-4E9F-8063-2A14F68C68FF}.Release|Any CPU.Build.0 = Release|Any CPU
		{D8BF08E4-C74C-40CB-8053-D75DBBECEB09}.Debug|Any CPU.ActiveCfg = Debug|Any CPU
		{D8BF08E4-C74C-40CB-8053-D75DBBECEB09}.Debug|Any CPU.Build.0 = Debug|Any CPU
		{D8BF08E4-C74C-40CB-8053-D75DBBECEB09}.Release|Any CPU.ActiveCfg = Release|Any CPU
		{D8BF08E4-C74C-40CB-8053-D75DBBECEB09}.Release|Any CPU.Build.0 = Release|Any CPU
		{7B4A4977-25FB-4DEB-AE6B-F8DA53C22476}.Debug|Any CPU.ActiveCfg = Debug|Any CPU
		{7B4A4977-25FB-4DEB-AE6B-F8DA53C22476}.Debug|Any CPU.Build.0 = Debug|Any CPU
		{7B4A4977-25FB-4DEB-AE6B-F8DA53C22476}.Release|Any CPU.ActiveCfg = Release|Any CPU
		{7B4A4977-25FB-4DEB-AE6B-F8DA53C22476}.Release|Any CPU.Build.0 = Release|Any CPU
		{A6B4C3C7-5188-4D22-A16E-0A5442873FB9}.Debug|Any CPU.ActiveCfg = Debug|Any CPU
		{A6B4C3C7-5188-4D22-A16E-0A5442873FB9}.Debug|Any CPU.Build.0 = Debug|Any CPU
		{A6B4C3C7-5188-4D22-A16E-0A5442873FB9}.Release|Any CPU.ActiveCfg = Release|Any CPU
		{A6B4C3C7-5188-4D22-A16E-0A5442873FB9}.Release|Any CPU.Build.0 = Release|Any CPU
		{5970FD27-2EB7-4135-B373-18D5564C048C}.Debug|Any CPU.ActiveCfg = Debug|Any CPU
		{5970FD27-2EB7-4135-B373-18D5564C048C}.Debug|Any CPU.Build.0 = Debug|Any CPU
		{5970FD27-2EB7-4135-B373-18D5564C048C}.Release|Any CPU.ActiveCfg = Release|Any CPU
		{5970FD27-2EB7-4135-B373-18D5564C048C}.Release|Any CPU.Build.0 = Release|Any CPU
		{2EFEE16C-89F2-41D6-BC96-FBDFDCC1406C}.Debug|Any CPU.ActiveCfg = Debug|Any CPU
		{2EFEE16C-89F2-41D6-BC96-FBDFDCC1406C}.Debug|Any CPU.Build.0 = Debug|Any CPU
		{2EFEE16C-89F2-41D6-BC96-FBDFDCC1406C}.Release|Any CPU.ActiveCfg = Release|Any CPU
		{2EFEE16C-89F2-41D6-BC96-FBDFDCC1406C}.Release|Any CPU.Build.0 = Release|Any CPU
		{C77B0D89-74FA-40C3-8CDC-E82D4E993EB9}.Debug|Any CPU.ActiveCfg = Debug|Any CPU
		{C77B0D89-74FA-40C3-8CDC-E82D4E993EB9}.Debug|Any CPU.Build.0 = Debug|Any CPU
		{C77B0D89-74FA-40C3-8CDC-E82D4E993EB9}.Release|Any CPU.ActiveCfg = Release|Any CPU
		{C77B0D89-74FA-40C3-8CDC-E82D4E993EB9}.Release|Any CPU.Build.0 = Release|Any CPU
		{9D8B3DAE-677F-4E63-B37C-44121F4AC6DA}.Debug|Any CPU.ActiveCfg = Debug|Any CPU
		{9D8B3DAE-677F-4E63-B37C-44121F4AC6DA}.Debug|Any CPU.Build.0 = Debug|Any CPU
		{9D8B3DAE-677F-4E63-B37C-44121F4AC6DA}.Release|Any CPU.ActiveCfg = Release|Any CPU
		{9D8B3DAE-677F-4E63-B37C-44121F4AC6DA}.Release|Any CPU.Build.0 = Release|Any CPU
		{8EC2C7FF-20EC-49EE-8854-7BC46D5A0375}.Debug|Any CPU.ActiveCfg = Debug|Any CPU
		{8EC2C7FF-20EC-49EE-8854-7BC46D5A0375}.Debug|Any CPU.Build.0 = Debug|Any CPU
		{8EC2C7FF-20EC-49EE-8854-7BC46D5A0375}.Release|Any CPU.ActiveCfg = Release|Any CPU
		{8EC2C7FF-20EC-49EE-8854-7BC46D5A0375}.Release|Any CPU.Build.0 = Release|Any CPU
		{BBDB9CCC-8520-4127-844F-4CD8B8FFE01A}.Debug|Any CPU.ActiveCfg = Debug|Any CPU
		{BBDB9CCC-8520-4127-844F-4CD8B8FFE01A}.Debug|Any CPU.Build.0 = Debug|Any CPU
		{BBDB9CCC-8520-4127-844F-4CD8B8FFE01A}.Release|Any CPU.ActiveCfg = Release|Any CPU
		{BBDB9CCC-8520-4127-844F-4CD8B8FFE01A}.Release|Any CPU.Build.0 = Release|Any CPU
		{11A47103-60A2-41B7-879B-D212DEB5092B}.Debug|Any CPU.ActiveCfg = Debug|Any CPU
		{11A47103-60A2-41B7-879B-D212DEB5092B}.Debug|Any CPU.Build.0 = Debug|Any CPU
		{11A47103-60A2-41B7-879B-D212DEB5092B}.Release|Any CPU.ActiveCfg = Release|Any CPU
		{11A47103-60A2-41B7-879B-D212DEB5092B}.Release|Any CPU.Build.0 = Release|Any CPU
		{B3C08881-C78D-4F37-8B16-F3BBA86510A6}.Debug|Any CPU.ActiveCfg = Debug|Any CPU
		{B3C08881-C78D-4F37-8B16-F3BBA86510A6}.Debug|Any CPU.Build.0 = Debug|Any CPU
		{B3C08881-C78D-4F37-8B16-F3BBA86510A6}.Release|Any CPU.ActiveCfg = Release|Any CPU
		{B3C08881-C78D-4F37-8B16-F3BBA86510A6}.Release|Any CPU.Build.0 = Release|Any CPU
		{749767E1-5772-414D-B239-3BCCE8B73658}.Debug|Any CPU.ActiveCfg = Debug|Any CPU
		{749767E1-5772-414D-B239-3BCCE8B73658}.Debug|Any CPU.Build.0 = Debug|Any CPU
		{749767E1-5772-414D-B239-3BCCE8B73658}.Release|Any CPU.ActiveCfg = Release|Any CPU
		{749767E1-5772-414D-B239-3BCCE8B73658}.Release|Any CPU.Build.0 = Release|Any CPU
		{0C95729D-3CE3-4913-B24B-E2FFC85C84C5}.Debug|Any CPU.ActiveCfg = Debug|Any CPU
		{0C95729D-3CE3-4913-B24B-E2FFC85C84C5}.Debug|Any CPU.Build.0 = Debug|Any CPU
		{0C95729D-3CE3-4913-B24B-E2FFC85C84C5}.Release|Any CPU.ActiveCfg = Release|Any CPU
		{0C95729D-3CE3-4913-B24B-E2FFC85C84C5}.Release|Any CPU.Build.0 = Release|Any CPU
		{2E658A57-58C4-4E40-9975-5B0FB9F5EBFE}.Debug|Any CPU.ActiveCfg = Debug|Any CPU
		{2E658A57-58C4-4E40-9975-5B0FB9F5EBFE}.Debug|Any CPU.Build.0 = Debug|Any CPU
		{2E658A57-58C4-4E40-9975-5B0FB9F5EBFE}.Release|Any CPU.ActiveCfg = Release|Any CPU
		{2E658A57-58C4-4E40-9975-5B0FB9F5EBFE}.Release|Any CPU.Build.0 = Release|Any CPU
		{51FDBA81-5EDE-4EEC-80F4-8604C7FB3094}.Debug|Any CPU.ActiveCfg = Debug|Any CPU
		{51FDBA81-5EDE-4EEC-80F4-8604C7FB3094}.Debug|Any CPU.Build.0 = Debug|Any CPU
		{51FDBA81-5EDE-4EEC-80F4-8604C7FB3094}.Release|Any CPU.ActiveCfg = Release|Any CPU
		{51FDBA81-5EDE-4EEC-80F4-8604C7FB3094}.Release|Any CPU.Build.0 = Release|Any CPU
		{954AB511-E1A4-459F-9EA5-B2007134E33F}.Debug|Any CPU.ActiveCfg = Debug|Any CPU
		{954AB511-E1A4-459F-9EA5-B2007134E33F}.Debug|Any CPU.Build.0 = Debug|Any CPU
		{954AB511-E1A4-459F-9EA5-B2007134E33F}.Release|Any CPU.ActiveCfg = Release|Any CPU
		{954AB511-E1A4-459F-9EA5-B2007134E33F}.Release|Any CPU.Build.0 = Release|Any CPU
		{239D3D53-6FFD-4E88-841B-DDACFA5E6109}.Debug|Any CPU.ActiveCfg = Debug|Any CPU
		{239D3D53-6FFD-4E88-841B-DDACFA5E6109}.Debug|Any CPU.Build.0 = Debug|Any CPU
		{239D3D53-6FFD-4E88-841B-DDACFA5E6109}.Release|Any CPU.ActiveCfg = Release|Any CPU
		{239D3D53-6FFD-4E88-841B-DDACFA5E6109}.Release|Any CPU.Build.0 = Release|Any CPU
	EndGlobalSection
	GlobalSection(SolutionProperties) = preSolution
		HideSolutionNode = FALSE
	EndGlobalSection
	GlobalSection(NestedProjects) = preSolution
		{BFC7DC3A-1994-4E9F-8063-2A14F68C68FF} = {551DF21E-E254-47AB-8E40-0229D404FFC9}
		{D8BF08E4-C74C-40CB-8053-D75DBBECEB09} = {551DF21E-E254-47AB-8E40-0229D404FFC9}
		{7B4A4977-25FB-4DEB-AE6B-F8DA53C22476} = {551DF21E-E254-47AB-8E40-0229D404FFC9}
		{A6B4C3C7-5188-4D22-A16E-0A5442873FB9} = {E6F3B775-ED1A-49B2-85CB-2323F9D8D782}
		{5970FD27-2EB7-4135-B373-18D5564C048C} = {E6F3B775-ED1A-49B2-85CB-2323F9D8D782}
		{2EFEE16C-89F2-41D6-BC96-FBDFDCC1406C} = {E6F3B775-ED1A-49B2-85CB-2323F9D8D782}
		{C77B0D89-74FA-40C3-8CDC-E82D4E993EB9} = {E7146A68-2F6E-4CEF-8481-879566B60758}
		{9D8B3DAE-677F-4E63-B37C-44121F4AC6DA} = {E7146A68-2F6E-4CEF-8481-879566B60758}
		{8EC2C7FF-20EC-49EE-8854-7BC46D5A0375} = {E7146A68-2F6E-4CEF-8481-879566B60758}
		{BBDB9CCC-8520-4127-844F-4CD8B8FFE01A} = {3E7655A1-EE52-480F-801D-94C3A435F076}
		{11A47103-60A2-41B7-879B-D212DEB5092B} = {3E7655A1-EE52-480F-801D-94C3A435F076}
		{B3C08881-C78D-4F37-8B16-F3BBA86510A6} = {3E7655A1-EE52-480F-801D-94C3A435F076}
		{749767E1-5772-414D-B239-3BCCE8B73658} = {99F894FB-2F41-4DC0-959B-53BA0D7B3EDD}
		{0C95729D-3CE3-4913-B24B-E2FFC85C84C5} = {99F894FB-2F41-4DC0-959B-53BA0D7B3EDD}
		{2E658A57-58C4-4E40-9975-5B0FB9F5EBFE} = {99F894FB-2F41-4DC0-959B-53BA0D7B3EDD}
		{51FDBA81-5EDE-4EEC-80F4-8604C7FB3094} = {CCE153D0-87ED-46E6-A562-E2BDDCE5B4DB}
		{954AB511-E1A4-459F-9EA5-B2007134E33F} = {CCE153D0-87ED-46E6-A562-E2BDDCE5B4DB}
		{239D3D53-6FFD-4E88-841B-DDACFA5E6109} = {CCE153D0-87ED-46E6-A562-E2BDDCE5B4DB}
	EndGlobalSection
EndGlobal
